
Microsoft Visual Studio Solution File, Format Version 12.00
# Visual Studio 15
VisualStudioVersion = 15.0.28307.852
MinimumVisualStudioVersion = 10.0.40219.1
Project("{8BC9CEB8-8B4A-11D0-8D11-00A0C91BC942}") = "6_21", "6_21\6_21.vcxproj", "{30D5C418-9497-49E1-BE6D-757731029114}"
EndProject
Global
	GlobalSection(SolutionConfigurationPlatforms) = preSolution
		Debug|x64 = Debug|x64
		Debug|x86 = Debug|x86
		Release|x64 = Release|x64
		Release|x86 = Release|x86
	EndGlobalSection
	GlobalSection(ProjectConfigurationPlatforms) = postSolution
		{30D5C418-9497-49E1-BE6D-757731029114}.Debug|x64.ActiveCfg = Debug|x64
		{30D5C418-9497-49E1-BE6D-757731029114}.Debug|x64.Build.0 = Debug|x64
		{30D5C418-9497-49E1-BE6D-757731029114}.Debug|x86.ActiveCfg = Debug|Win32
		{30D5C418-9497-49E1-BE6D-757731029114}.Debug|x86.Build.0 = Debug|Win32
		{30D5C418-9497-49E1-BE6D-757731029114}.Release|x64.ActiveCfg = Release|x64
		{30D5C418-9497-49E1-BE6D-757731029114}.Release|x64.Build.0 = Release|x64
		{30D5C418-9497-49E1-BE6D-757731029114}.Release|x86.ActiveCfg = Release|Win32
		{30D5C418-9497-49E1-BE6D-757731029114}.Release|x86.Build.0 = Release|Win32
	EndGlobalSection
	GlobalSection(SolutionProperties) = preSolution
		HideSolutionNode = FALSE
	EndGlobalSection
	GlobalSection(ExtensibilityGlobals) = postSolution
		SolutionGuid = {1B59182C-19E1-49CC-AEBF-2F87E2EB7645}
	EndGlobalSection
EndGlobal
