
Microsoft Visual Studio Solution File, Format Version 12.00
# Visual Studio 15
VisualStudioVersion = 15.0.28307.852
MinimumVisualStudioVersion = 10.0.40219.1
Project("{8BC9CEB8-8B4A-11D0-8D11-00A0C91BC942}") = "6_3", "6_3\6_3.vcxproj", "{0DE0D242-E638-4AD5-82FD-E3C1832CCFC4}"
EndProject
Global
	GlobalSection(SolutionConfigurationPlatforms) = preSolution
		Debug|x64 = Debug|x64
		Debug|x86 = Debug|x86
		Release|x64 = Release|x64
		Release|x86 = Release|x86
	EndGlobalSection
	GlobalSection(ProjectConfigurationPlatforms) = postSolution
		{0DE0D242-E638-4AD5-82FD-E3C1832CCFC4}.Debug|x64.ActiveCfg = Debug|x64
		{0DE0D242-E638-4AD5-82FD-E3C1832CCFC4}.Debug|x64.Build.0 = Debug|x64
		{0DE0D242-E638-4AD5-82FD-E3C1832CCFC4}.Debug|x86.ActiveCfg = Debug|Win32
		{0DE0D242-E638-4AD5-82FD-E3C1832CCFC4}.Debug|x86.Build.0 = Debug|Win32
		{0DE0D242-E638-4AD5-82FD-E3C1832CCFC4}.Release|x64.ActiveCfg = Release|x64
		{0DE0D242-E638-4AD5-82FD-E3C1832CCFC4}.Release|x64.Build.0 = Release|x64
		{0DE0D242-E638-4AD5-82FD-E3C1832CCFC4}.Release|x86.ActiveCfg = Release|Win32
		{0DE0D242-E638-4AD5-82FD-E3C1832CCFC4}.Release|x86.Build.0 = Release|Win32
	EndGlobalSection
	GlobalSection(SolutionProperties) = preSolution
		HideSolutionNode = FALSE
	EndGlobalSection
	GlobalSection(ExtensibilityGlobals) = postSolution
		SolutionGuid = {738DFEE3-A624-4ADB-BC04-6F4E5EE2970B}
	EndGlobalSection
EndGlobal
